
Microsoft Visual Studio Solution File, Format Version 12.00
# Visual Studio Version 17
VisualStudioVersion = 17.13.35919.96 d17.13
MinimumVisualStudioVersion = 10.0.40219.1
Project("{FAE04EC0-301F-11D3-BF4B-00C04F79EFBC}") = "tests", "tests\tests.csproj", "{73AFB903-4FA3-4CC8-8D90-298856373AAD}"
EndProject
Global
	GlobalSection(SolutionConfigurationPlatforms) = preSolution
		Debug|Any CPU = Debug|Any CPU
		Release|Any CPU = Release|Any CPU
	EndGlobalSection
	GlobalSection(ProjectConfigurationPlatforms) = postSolution
		{73AFB903-4FA3-4CC8-8D90-298856373AAD}.Debug|Any CPU.ActiveCfg = Debug|Any CPU
		{73AFB903-4FA3-4CC8-8D90-298856373AAD}.Debug|Any CPU.Build.0 = Debug|Any CPU
		{73AFB903-4FA3-4CC8-8D90-298856373AAD}.Release|Any CPU.ActiveCfg = Release|Any CPU
		{73AFB903-4FA3-4CC8-8D90-298856373AAD}.Release|Any CPU.Build.0 = Release|Any CPU
	EndGlobalSection
	GlobalSection(SolutionProperties) = preSolution
		HideSolutionNode = FALSE
	EndGlobalSection
	GlobalSection(ExtensibilityGlobals) = postSolution
		SolutionGuid = {165F4F91-4B20-4453-A379-1065CB820DEE}
	EndGlobalSection
EndGlobal
